// !$*UTF8*$!
{
	archiveVersion = 1;
	classes = {
	};
	objectVersion = 50;
	objects = {

/* Begin PBXBuildFile section */
		3C04646B247393230051C441 /* IntakeViewController.swift in Sources */ = {isa = PBXBuildFile; fileRef = 3C04646A247393230051C441 /* IntakeViewController.swift */; };
		3C04646E2474C2DF0051C441 /* DTTableBackgroundView.swift in Sources */ = {isa = PBXBuildFile; fileRef = 3C04646D2474C2DF0051C441 /* DTTableBackgroundView.swift */; };
		3C0464722474C3910051C441 /* NoContentBackgroundView.swift in Sources */ = {isa = PBXBuildFile; fileRef = 3C0464712474C3910051C441 /* NoContentBackgroundView.swift */; };
		3C0464752474C5D80051C441 /* CoreDataManager.swift in Sources */ = {isa = PBXBuildFile; fileRef = 3C0464742474C5D80051C441 /* CoreDataManager.swift */; };
		3C04647A2474D62C0051C441 /* Calorie+CoreDataClass.swift in Sources */ = {isa = PBXBuildFile; fileRef = 3C0464782474D62C0051C441 /* Calorie+CoreDataClass.swift */; };
		3C04647B2474D62C0051C441 /* Calorie+CoreDataProperties.swift in Sources */ = {isa = PBXBuildFile; fileRef = 3C0464792474D62C0051C441 /* Calorie+CoreDataProperties.swift */; };
		3C04647E2474D66B0051C441 /* Intake+CoreDataClass.swift in Sources */ = {isa = PBXBuildFile; fileRef = 3C04647C2474D66B0051C441 /* Intake+CoreDataClass.swift */; };
		3C04647F2474D66B0051C441 /* Intake+CoreDataProperties.swift in Sources */ = {isa = PBXBuildFile; fileRef = 3C04647D2474D66B0051C441 /* Intake+CoreDataProperties.swift */; };
		3C04648224778EB80051C441 /* DatePickerViewController.swift in Sources */ = {isa = PBXBuildFile; fileRef = 3C04648124778EB80051C441 /* DatePickerViewController.swift */; };
		3C0464852479DC040051C441 /* DatePicker.storyboard in Resources */ = {isa = PBXBuildFile; fileRef = 3C0464842479DC040051C441 /* DatePicker.storyboard */; };
		3C0464872479DD1E0051C441 /* DateCell.swift in Sources */ = {isa = PBXBuildFile; fileRef = 3C0464862479DD1E0051C441 /* DateCell.swift */; };
		3C04648A2479DF2B0051C441 /* FormattedDate.swift in Sources */ = {isa = PBXBuildFile; fileRef = 3C0464892479DF2B0051C441 /* FormattedDate.swift */; };
		3C04648D247B1BB70051C441 /* CaloriesViewController.swift in Sources */ = {isa = PBXBuildFile; fileRef = 3C04648C247B1BB70051C441 /* CaloriesViewController.swift */; };
		84C05B8E247390520052CF09 /* AppDelegate.swift in Sources */ = {isa = PBXBuildFile; fileRef = 84C05B8D247390520052CF09 /* AppDelegate.swift */; };
		84C05B90247390520052CF09 /* SceneDelegate.swift in Sources */ = {isa = PBXBuildFile; fileRef = 84C05B8F247390520052CF09 /* SceneDelegate.swift */; };
		84C05B95247390520052CF09 /* Main.storyboard in Resources */ = {isa = PBXBuildFile; fileRef = 84C05B93247390520052CF09 /* Main.storyboard */; };
		84C05B98247390520052CF09 /* Calories.xcdatamodeld in Sources */ = {isa = PBXBuildFile; fileRef = 84C05B96247390520052CF09 /* Calories.xcdatamodeld */; };
		84C05B9A247390540052CF09 /* Assets.xcassets in Resources */ = {isa = PBXBuildFile; fileRef = 84C05B99247390540052CF09 /* Assets.xcassets */; };
		84C05B9D247390540052CF09 /* LaunchScreen.storyboard in Resources */ = {isa = PBXBuildFile; fileRef = 84C05B9B247390540052CF09 /* LaunchScreen.storyboard */; };
/* End PBXBuildFile section */

/* Begin PBXFileReference section */
		3C04646A247393230051C441 /* IntakeViewController.swift */ = {isa = PBXFileReference; lastKnownFileType = sourcecode.swift; path = IntakeViewController.swift; sourceTree = "<group>"; };
		3C04646D2474C2DF0051C441 /* DTTableBackgroundView.swift */ = {isa = PBXFileReference; fileEncoding = 4; lastKnownFileType = sourcecode.swift; path = DTTableBackgroundView.swift; sourceTree = "<group>"; };
		3C0464712474C3910051C441 /* NoContentBackgroundView.swift */ = {isa = PBXFileReference; fileEncoding = 4; lastKnownFileType = sourcecode.swift; path = NoContentBackgroundView.swift; sourceTree = "<group>"; };
		3C0464742474C5D80051C441 /* CoreDataManager.swift */ = {isa = PBXFileReference; fileEncoding = 4; lastKnownFileType = sourcecode.swift; path = CoreDataManager.swift; sourceTree = "<group>"; };
		3C0464782474D62C0051C441 /* Calorie+CoreDataClass.swift */ = {isa = PBXFileReference; lastKnownFileType = sourcecode.swift; path = "Calorie+CoreDataClass.swift"; sourceTree = "<group>"; };
		3C0464792474D62C0051C441 /* Calorie+CoreDataProperties.swift */ = {isa = PBXFileReference; lastKnownFileType = sourcecode.swift; path = "Calorie+CoreDataProperties.swift"; sourceTree = "<group>"; };
		3C04647C2474D66B0051C441 /* Intake+CoreDataClass.swift */ = {isa = PBXFileReference; lastKnownFileType = sourcecode.swift; path = "Intake+CoreDataClass.swift"; sourceTree = "<group>"; };
		3C04647D2474D66B0051C441 /* Intake+CoreDataProperties.swift */ = {isa = PBXFileReference; lastKnownFileType = sourcecode.swift; path = "Intake+CoreDataProperties.swift"; sourceTree = "<group>"; };
		3C04648124778EB80051C441 /* DatePickerViewController.swift */ = {isa = PBXFileReference; lastKnownFileType = sourcecode.swift; path = DatePickerViewController.swift; sourceTree = "<group>"; };
		3C0464842479DC040051C441 /* DatePicker.storyboard */ = {isa = PBXFileReference; lastKnownFileType = file.storyboard; path = DatePicker.storyboard; sourceTree = "<group>"; };
		3C0464862479DD1E0051C441 /* DateCell.swift */ = {isa = PBXFileReference; lastKnownFileType = sourcecode.swift; path = DateCell.swift; sourceTree = "<group>"; };
		3C0464892479DF2B0051C441 /* FormattedDate.swift */ = {isa = PBXFileReference; lastKnownFileType = sourcecode.swift; path = FormattedDate.swift; sourceTree = "<group>"; };
		3C04648C247B1BB70051C441 /* CaloriesViewController.swift */ = {isa = PBXFileReference; lastKnownFileType = sourcecode.swift; path = CaloriesViewController.swift; sourceTree = "<group>"; };
		84C05B8A247390510052CF09 /* Calories.app */ = {isa = PBXFileReference; explicitFileType = wrapper.application; includeInIndex = 0; path = Calories.app; sourceTree = BUILT_PRODUCTS_DIR; };
		84C05B8D247390520052CF09 /* AppDelegate.swift */ = {isa = PBXFileReference; lastKnownFileType = sourcecode.swift; path = AppDelegate.swift; sourceTree = "<group>"; };
		84C05B8F247390520052CF09 /* SceneDelegate.swift */ = {isa = PBXFileReference; lastKnownFileType = sourcecode.swift; path = SceneDelegate.swift; sourceTree = "<group>"; };
		84C05B94247390520052CF09 /* Base */ = {isa = PBXFileReference; lastKnownFileType = file.storyboard; name = Base; path = Base.lproj/Main.storyboard; sourceTree = "<group>"; };
		84C05B97247390520052CF09 /* Calories.xcdatamodel */ = {isa = PBXFileReference; lastKnownFileType = wrapper.xcdatamodel; path = Calories.xcdatamodel; sourceTree = "<group>"; };
		84C05B99247390540052CF09 /* Assets.xcassets */ = {isa = PBXFileReference; lastKnownFileType = folder.assetcatalog; path = Assets.xcassets; sourceTree = "<group>"; };
		84C05B9C247390540052CF09 /* Base */ = {isa = PBXFileReference; lastKnownFileType = file.storyboard; name = Base; path = Base.lproj/LaunchScreen.storyboard; sourceTree = "<group>"; };
		84C05B9E247390540052CF09 /* Info.plist */ = {isa = PBXFileReference; lastKnownFileType = text.plist.xml; path = Info.plist; sourceTree = "<group>"; };
/* End PBXFileReference section */

/* Begin PBXFrameworksBuildPhase section */
		84C05B87247390510052CF09 /* Frameworks */ = {
			isa = PBXFrameworksBuildPhase;
			buildActionMask = 2147483647;
			files = (
			);
			runOnlyForDeploymentPostprocessing = 0;
		};
/* End PBXFrameworksBuildPhase section */

/* Begin PBXGroup section */
		3C04646C247393270051C441 /* Controllers */ = {
			isa = PBXGroup;
			children = (
				3C04646A247393230051C441 /* IntakeViewController.swift */,
				3C04648C247B1BB70051C441 /* CaloriesViewController.swift */,
				3C04648124778EB80051C441 /* DatePickerViewController.swift */,
			);
			path = Controllers;
			sourceTree = "<group>";
		};
		3C04646F2474C3150051C441 /* Views */ = {
			isa = PBXGroup;
			children = (
				3C04646D2474C2DF0051C441 /* DTTableBackgroundView.swift */,
			);
			path = Views;
			sourceTree = "<group>";
		};
		3C0464702474C3440051C441 /* Delegates */ = {
			isa = PBXGroup;
			children = (
				84C05B8D247390520052CF09 /* AppDelegate.swift */,
				84C05B8F247390520052CF09 /* SceneDelegate.swift */,
			);
			path = Delegates;
			sourceTree = "<group>";
		};
		3C0464732474C3940051C441 /* Protocols */ = {
			isa = PBXGroup;
			children = (
				3C0464712474C3910051C441 /* NoContentBackgroundView.swift */,
			);
			path = Protocols;
			sourceTree = "<group>";
		};
		3C0464762474C5DE0051C441 /* Core Data */ = {
			isa = PBXGroup;
			children = (
				3C0464802474D6CC0051C441 /* Models */,
				3C0464772474C6670051C441 /* Managers */,
				3C04648B2479DF3C0051C441 /* Protocols */,
			);
			path = "Core Data";
			sourceTree = "<group>";
		};
		3C0464772474C6670051C441 /* Managers */ = {
			isa = PBXGroup;
			children = (
				3C0464742474C5D80051C441 /* CoreDataManager.swift */,
			);
			path = Managers;
			sourceTree = "<group>";
		};
		3C0464802474D6CC0051C441 /* Models */ = {
			isa = PBXGroup;
			children = (
				3C04647C2474D66B0051C441 /* Intake+CoreDataClass.swift */,
				3C04647D2474D66B0051C441 /* Intake+CoreDataProperties.swift */,
				3C0464782474D62C0051C441 /* Calorie+CoreDataClass.swift */,
				3C0464792474D62C0051C441 /* Calorie+CoreDataProperties.swift */,
			);
			path = Models;
			sourceTree = "<group>";
		};
		3C04648324778F110051C441 /* Storyboards */ = {
			isa = PBXGroup;
			children = (
				84C05B93247390520052CF09 /* Main.storyboard */,
				84C05B9B247390540052CF09 /* LaunchScreen.storyboard */,
				3C0464842479DC040051C441 /* DatePicker.storyboard */,
			);
			path = Storyboards;
			sourceTree = "<group>";
		};
		3C0464882479DD300051C441 /* Cells */ = {
			isa = PBXGroup;
			children = (
				3C0464862479DD1E0051C441 /* DateCell.swift */,
			);
			path = Cells;
			sourceTree = "<group>";
		};
		3C04648B2479DF3C0051C441 /* Protocols */ = {
			isa = PBXGroup;
			children = (
				3C0464892479DF2B0051C441 /* FormattedDate.swift */,
			);
			path = Protocols;
			sourceTree = "<group>";
		};
		84C05B81247390510052CF09 = {
			isa = PBXGroup;
			children = (
				84C05B8C247390510052CF09 /* Calories */,
				84C05B8B247390510052CF09 /* Products */,
			);
			sourceTree = "<group>";
		};
		84C05B8B247390510052CF09 /* Products */ = {
			isa = PBXGroup;
			children = (
				84C05B8A247390510052CF09 /* Calories.app */,
			);
			name = Products;
			sourceTree = "<group>";
		};
		84C05B8C247390510052CF09 /* Calories */ = {
			isa = PBXGroup;
			children = (
				3C0464882479DD300051C441 /* Cells */,
				3C0464762474C5DE0051C441 /* Core Data */,
				3C0464732474C3940051C441 /* Protocols */,
				3C0464702474C3440051C441 /* Delegates */,
				3C04646F2474C3150051C441 /* Views */,
				3C04646C247393270051C441 /* Controllers */,
				3C04648324778F110051C441 /* Storyboards */,
				84C05B99247390540052CF09 /* Assets.xcassets */,
				84C05B9E247390540052CF09 /* Info.plist */,
				84C05B96247390520052CF09 /* Calories.xcdatamodeld */,
			);
			path = Calories;
			sourceTree = "<group>";
		};
/* End PBXGroup section */

/* Begin PBXNativeTarget section */
		84C05B89247390510052CF09 /* Calories */ = {
			isa = PBXNativeTarget;
			buildConfigurationList = 84C05BA1247390540052CF09 /* Build configuration list for PBXNativeTarget "Calories" */;
			buildPhases = (
				84C05B86247390510052CF09 /* Sources */,
				84C05B87247390510052CF09 /* Frameworks */,
				84C05B88247390510052CF09 /* Resources */,
			);
			buildRules = (
			);
			dependencies = (
			);
			name = Calories;
			productName = Calories;
			productReference = 84C05B8A247390510052CF09 /* Calories.app */;
			productType = "com.apple.product-type.application";
		};
/* End PBXNativeTarget section */

/* Begin PBXProject section */
		84C05B82247390510052CF09 /* Project object */ = {
			isa = PBXProject;
			attributes = {
				LastSwiftUpdateCheck = 1130;
				LastUpgradeCheck = 1130;
				ORGANIZATIONNAME = mani;
				TargetAttributes = {
					84C05B89247390510052CF09 = {
						CreatedOnToolsVersion = 11.3.1;
					};
				};
			};
			buildConfigurationList = 84C05B85247390510052CF09 /* Build configuration list for PBXProject "Calories" */;
			compatibilityVersion = "Xcode 9.3";
			developmentRegion = en;
			hasScannedForEncodings = 0;
			knownRegions = (
				en,
				Base,
			);
			mainGroup = 84C05B81247390510052CF09;
			productRefGroup = 84C05B8B247390510052CF09 /* Products */;
			projectDirPath = "";
			projectRoot = "";
			targets = (
				84C05B89247390510052CF09 /* Calories */,
			);
		};
/* End PBXProject section */

/* Begin PBXResourcesBuildPhase section */
		84C05B88247390510052CF09 /* Resources */ = {
			isa = PBXResourcesBuildPhase;
			buildActionMask = 2147483647;
			files = (
				3C0464852479DC040051C441 /* DatePicker.storyboard in Resources */,
				84C05B9D247390540052CF09 /* LaunchScreen.storyboard in Resources */,
				84C05B9A247390540052CF09 /* Assets.xcassets in Resources */,
				84C05B95247390520052CF09 /* Main.storyboard in Resources */,
			);
			runOnlyForDeploymentPostprocessing = 0;
		};
/* End PBXResourcesBuildPhase section */

/* Begin PBXSourcesBuildPhase section */
		84C05B86247390510052CF09 /* Sources */ = {
			isa = PBXSourcesBuildPhase;
			buildActionMask = 2147483647;
			files = (
				3C04646B247393230051C441 /* IntakeViewController.swift in Sources */,
				3C04647A2474D62C0051C441 /* Calorie+CoreDataClass.swift in Sources */,
				3C04647B2474D62C0051C441 /* Calorie+CoreDataProperties.swift in Sources */,
				3C04648D247B1BB70051C441 /* CaloriesViewController.swift in Sources */,
				3C04647F2474D66B0051C441 /* Intake+CoreDataProperties.swift in Sources */,
				3C04648224778EB80051C441 /* DatePickerViewController.swift in Sources */,
				3C0464872479DD1E0051C441 /* DateCell.swift in Sources */,
				84C05B8E247390520052CF09 /* AppDelegate.swift in Sources */,
				84C05B90247390520052CF09 /* SceneDelegate.swift in Sources */,
				3C0464722474C3910051C441 /* NoContentBackgroundView.swift in Sources */,
				84C05B98247390520052CF09 /* Calories.xcdatamodeld in Sources */,
				3C04647E2474D66B0051C441 /* Intake+CoreDataClass.swift in Sources */,
				3C0464752474C5D80051C441 /* CoreDataManager.swift in Sources */,
				3C04648A2479DF2B0051C441 /* FormattedDate.swift in Sources */,
				3C04646E2474C2DF0051C441 /* DTTableBackgroundView.swift in Sources */,
			);
			runOnlyForDeploymentPostprocessing = 0;
		};
/* End PBXSourcesBuildPhase section */

/* Begin PBXVariantGroup section */
		84C05B93247390520052CF09 /* Main.storyboard */ = {
			isa = PBXVariantGroup;
			children = (
				84C05B94247390520052CF09 /* Base */,
			);
			name = Main.storyboard;
			sourceTree = "<group>";
		};
		84C05B9B247390540052CF09 /* LaunchScreen.storyboard */ = {
			isa = PBXVariantGroup;
			children = (
				84C05B9C247390540052CF09 /* Base */,
			);
			name = LaunchScreen.storyboard;
			sourceTree = "<group>";
		};
/* End PBXVariantGroup section */

/* Begin XCBuildConfiguration section */
		84C05B9F247390540052CF09 /* Debug */ = {
			isa = XCBuildConfiguration;
			buildSettings = {
				ALWAYS_SEARCH_USER_PATHS = NO;
				CLANG_ANALYZER_NONNULL = YES;
				CLANG_ANALYZER_NUMBER_OBJECT_CONVERSION = YES_AGGRESSIVE;
				CLANG_CXX_LANGUAGE_STANDARD = "gnu++14";
				CLANG_CXX_LIBRARY = "libc++";
				CLANG_ENABLE_MODULES = YES;
				CLANG_ENABLE_OBJC_ARC = YES;
				CLANG_ENABLE_OBJC_WEAK = YES;
				CLANG_WARN_BLOCK_CAPTURE_AUTORELEASING = YES;
				CLANG_WARN_BOOL_CONVERSION = YES;
				CLANG_WARN_COMMA = YES;
				CLANG_WARN_CONSTANT_CONVERSION = YES;
				CLANG_WARN_DEPRECATED_OBJC_IMPLEMENTATIONS = YES;
				CLANG_WARN_DIRECT_OBJC_ISA_USAGE = YES_ERROR;
				CLANG_WARN_DOCUMENTATION_COMMENTS = YES;
				CLANG_WARN_EMPTY_BODY = YES;
				CLANG_WARN_ENUM_CONVERSION = YES;
				CLANG_WARN_INFINITE_RECURSION = YES;
				CLANG_WARN_INT_CONVERSION = YES;
				CLANG_WARN_NON_LITERAL_NULL_CONVERSION = YES;
				CLANG_WARN_OBJC_IMPLICIT_RETAIN_SELF = YES;
				CLANG_WARN_OBJC_LITERAL_CONVERSION = YES;
				CLANG_WARN_OBJC_ROOT_CLASS = YES_ERROR;
				CLANG_WARN_RANGE_LOOP_ANALYSIS = YES;
				CLANG_WARN_STRICT_PROTOTYPES = YES;
				CLANG_WARN_SUSPICIOUS_MOVE = YES;
				CLANG_WARN_UNGUARDED_AVAILABILITY = YES_AGGRESSIVE;
				CLANG_WARN_UNREACHABLE_CODE = YES;
				CLANG_WARN__DUPLICATE_METHOD_MATCH = YES;
				COPY_PHASE_STRIP = NO;
				DEBUG_INFORMATION_FORMAT = dwarf;
				ENABLE_STRICT_OBJC_MSGSEND = YES;
				ENABLE_TESTABILITY = YES;
				GCC_C_LANGUAGE_STANDARD = gnu11;
				GCC_DYNAMIC_NO_PIC = NO;
				GCC_NO_COMMON_BLOCKS = YES;
				GCC_OPTIMIZATION_LEVEL = 0;
				GCC_PREPROCESSOR_DEFINITIONS = (
					"DEBUG=1",
					"$(inherited)",
				);
				GCC_WARN_64_TO_32_BIT_CONVERSION = YES;
				GCC_WARN_ABOUT_RETURN_TYPE = YES_ERROR;
				GCC_WARN_UNDECLARED_SELECTOR = YES;
				GCC_WARN_UNINITIALIZED_AUTOS = YES_AGGRESSIVE;
				GCC_WARN_UNUSED_FUNCTION = YES;
				GCC_WARN_UNUSED_VARIABLE = YES;
				IPHONEOS_DEPLOYMENT_TARGET = 13.2;
				MTL_ENABLE_DEBUG_INFO = INCLUDE_SOURCE;
				MTL_FAST_MATH = YES;
				ONLY_ACTIVE_ARCH = YES;
				SDKROOT = iphoneos;
				SWIFT_ACTIVE_COMPILATION_CONDITIONS = DEBUG;
				SWIFT_OPTIMIZATION_LEVEL = "-Onone";
			};
			name = Debug;
		};
		84C05BA0247390540052CF09 /* Release */ = {
			isa = XCBuildConfiguration;
			buildSettings = {
				ALWAYS_SEARCH_USER_PATHS = NO;
				CLANG_ANALYZER_NONNULL = YES;
				CLANG_ANALYZER_NUMBER_OBJECT_CONVERSION = YES_AGGRESSIVE;
				CLANG_CXX_LANGUAGE_STANDARD = "gnu++14";
				CLANG_CXX_LIBRARY = "libc++";
				CLANG_ENABLE_MODULES = YES;
				CLANG_ENABLE_OBJC_ARC = YES;
				CLANG_ENABLE_OBJC_WEAK = YES;
				CLANG_WARN_BLOCK_CAPTURE_AUTORELEASING = YES;
				CLANG_WARN_BOOL_CONVERSION = YES;
				CLANG_WARN_COMMA = YES;
				CLANG_WARN_CONSTANT_CONVERSION = YES;
				CLANG_WARN_DEPRECATED_OBJC_IMPLEMENTATIONS = YES;
				CLANG_WARN_DIRECT_OBJC_ISA_USAGE = YES_ERROR;
				CLANG_WARN_DOCUMENTATION_COMMENTS = YES;
				CLANG_WARN_EMPTY_BODY = YES;
				CLANG_WARN_ENUM_CONVERSION = YES;
				CLANG_WARN_INFINITE_RECURSION = YES;
				CLANG_WARN_INT_CONVERSION = YES;
				CLANG_WARN_NON_LITERAL_NULL_CONVERSION = YES;
				CLANG_WARN_OBJC_IMPLICIT_RETAIN_SELF = YES;
				CLANG_WARN_OBJC_LITERAL_CONVERSION = YES;
				CLANG_WARN_OBJC_ROOT_CLASS = YES_ERROR;
				CLANG_WARN_RANGE_LOOP_ANALYSIS = YES;
				CLANG_WARN_STRICT_PROTOTYPES = YES;
				CLANG_WARN_SUSPICIOUS_MOVE = YES;
				CLANG_WARN_UNGUARDED_AVAILABILITY = YES_AGGRESSIVE;
				CLANG_WARN_UNREACHABLE_CODE = YES;
				CLANG_WARN__DUPLICATE_METHOD_MATCH = YES;
				COPY_PHASE_STRIP = NO;
				DEBUG_INFORMATION_FORMAT = "dwarf-with-dsym";
				ENABLE_NS_ASSERTIONS = NO;
				ENABLE_STRICT_OBJC_MSGSEND = YES;
				GCC_C_LANGUAGE_STANDARD = gnu11;
				GCC_NO_COMMON_BLOCKS = YES;
				GCC_WARN_64_TO_32_BIT_CONVERSION = YES;
				GCC_WARN_ABOUT_RETURN_TYPE = YES_ERROR;
				GCC_WARN_UNDECLARED_SELECTOR = YES;
				GCC_WARN_UNINITIALIZED_AUTOS = YES_AGGRESSIVE;
				GCC_WARN_UNUSED_FUNCTION = YES;
				GCC_WARN_UNUSED_VARIABLE = YES;
				IPHONEOS_DEPLOYMENT_TARGET = 13.2;
				MTL_ENABLE_DEBUG_INFO = NO;
				MTL_FAST_MATH = YES;
				SDKROOT = iphoneos;
				SWIFT_COMPILATION_MODE = wholemodule;
				SWIFT_OPTIMIZATION_LEVEL = "-O";
				VALIDATE_PRODUCT = YES;
			};
			name = Release;
		};
		84C05BA2247390540052CF09 /* Debug */ = {
			isa = XCBuildConfiguration;
			buildSettings = {
				ASSETCATALOG_COMPILER_APPICON_NAME = AppIcon;
				CODE_SIGN_STYLE = Automatic;
				INFOPLIST_FILE = Calories/Info.plist;
				LD_RUNPATH_SEARCH_PATHS = (
					"$(inherited)",
					"@executable_path/Frameworks",
				);
				PRODUCT_BUNDLE_IDENTIFIER = com.Calories;
				PRODUCT_NAME = "$(TARGET_NAME)";
				SWIFT_VERSION = 5.0;
				TARGETED_DEVICE_FAMILY = "1,2";
			};
			name = Debug;
		};
		84C05BA3247390540052CF09 /* Release */ = {
			isa = XCBuildConfiguration;
			buildSettings = {
				ASSETCATALOG_COMPILER_APPICON_NAME = AppIcon;
				CODE_SIGN_STYLE = Automatic;
				INFOPLIST_FILE = Calories/Info.plist;
				LD_RUNPATH_SEARCH_PATHS = (
					"$(inherited)",
					"@executable_path/Frameworks",
				);
				PRODUCT_BUNDLE_IDENTIFIER = com.Calories;
				PRODUCT_NAME = "$(TARGET_NAME)";
				SWIFT_VERSION = 5.0;
				TARGETED_DEVICE_FAMILY = "1,2";
			};
			name = Release;
		};
/* End XCBuildConfiguration section */

/* Begin XCConfigurationList section */
		84C05B85247390510052CF09 /* Build configuration list for PBXProject "Calories" */ = {
			isa = XCConfigurationList;
			buildConfigurations = (
				84C05B9F247390540052CF09 /* Debug */,
				84C05BA0247390540052CF09 /* Release */,
			);
			defaultConfigurationIsVisible = 0;
			defaultConfigurationName = Release;
		};
		84C05BA1247390540052CF09 /* Build configuration list for PBXNativeTarget "Calories" */ = {
			isa = XCConfigurationList;
			buildConfigurations = (
				84C05BA2247390540052CF09 /* Debug */,
				84C05BA3247390540052CF09 /* Release */,
			);
			defaultConfigurationIsVisible = 0;
			defaultConfigurationName = Release;
		};
/* End XCConfigurationList section */

/* Begin XCVersionGroup section */
		84C05B96247390520052CF09 /* Calories.xcdatamodeld */ = {
			isa = XCVersionGroup;
			children = (
				84C05B97247390520052CF09 /* Calories.xcdatamodel */,
			);
			currentVersion = 84C05B97247390520052CF09 /* Calories.xcdatamodel */;
			path = Calories.xcdatamodeld;
			sourceTree = "<group>";
			versionGroupType = wrapper.xcdatamodel;
		};
/* End XCVersionGroup section */
	};
	rootObject = 84C05B82247390510052CF09 /* Project object */;
}
